
Microsoft Visual Studio Solution File, Format Version 12.00
# Visual Studio Version 17
VisualStudioVersion = 17.5.33516.290
MinimumVisualStudioVersion = 10.0.40219.1
Project("{FAE04EC0-301F-11D3-BF4B-00C04F79EFBC}") = "ToDoApp", "ToDoApp\ToDoApp.csproj", "{5D67CFDD-60CA-4FFC-972E-DED94175C9EB}"
EndProject
Global
	GlobalSection(SolutionConfigurationPlatforms) = preSolution
		Debug|Any CPU = Debug|Any CPU
		Release|Any CPU = Release|Any CPU
	EndGlobalSection
	GlobalSection(ProjectConfigurationPlatforms) = postSolution
		{5D67CFDD-60CA-4FFC-972E-DED94175C9EB}.Debug|Any CPU.ActiveCfg = Debug|Any CPU
		{5D67CFDD-60CA-4FFC-972E-DED94175C9EB}.Debug|Any CPU.Build.0 = Debug|Any CPU
		{5D67CFDD-60CA-4FFC-972E-DED94175C9EB}.Release|Any CPU.ActiveCfg = Release|Any CPU
		{5D67CFDD-60CA-4FFC-972E-DED94175C9EB}.Release|Any CPU.Build.0 = Release|Any CPU
	EndGlobalSection
	GlobalSection(SolutionProperties) = preSolution
		HideSolutionNode = FALSE
	EndGlobalSection
	GlobalSection(ExtensibilityGlobals) = postSolution
		SolutionGuid = {1825DCA9-1695-4556-AA39-98AEB4CBA923}
	EndGlobalSection
EndGlobal
